
Microsoft Visual Studio Solution File, Format Version 12.00
# Visual Studio Version 17
VisualStudioVersion = 17.5.33424.131
MinimumVisualStudioVersion = 10.0.40219.1
Project("{9A19103F-16F7-4668-BE54-9A1E7A4F7556}") = "Domain", "Domain\Domain.csproj", "{8522A2B7-8C23-4DEE-9570-0FDA565E1523}"
EndProject
Project("{9A19103F-16F7-4668-BE54-9A1E7A4F7556}") = "DAL", "DAL\DAL.csproj", "{C25D1F3A-A456-4BE0-9B1F-1DEBBB9A2392}"
EndProject
Project("{9A19103F-16F7-4668-BE54-9A1E7A4F7556}") = "Service", "Service\Service.csproj", "{A32BD157-1E81-4304-8641-E3E7A8BB89F5}"
EndProject
Project("{9A19103F-16F7-4668-BE54-9A1E7A4F7556}") = "Core", "Core\Core.csproj", "{C9EE1FF5-B19F-41EF-BFD1-51EF82D7D8E4}"
EndProject
Global
	GlobalSection(SolutionConfigurationPlatforms) = preSolution
		Debug|Any CPU = Debug|Any CPU
		Release|Any CPU = Release|Any CPU
	EndGlobalSection
	GlobalSection(ProjectConfigurationPlatforms) = postSolution
		{8522A2B7-8C23-4DEE-9570-0FDA565E1523}.Debug|Any CPU.ActiveCfg = Debug|Any CPU
		{8522A2B7-8C23-4DEE-9570-0FDA565E1523}.Debug|Any CPU.Build.0 = Debug|Any CPU
		{8522A2B7-8C23-4DEE-9570-0FDA565E1523}.Release|Any CPU.ActiveCfg = Release|Any CPU
		{8522A2B7-8C23-4DEE-9570-0FDA565E1523}.Release|Any CPU.Build.0 = Release|Any CPU
		{C25D1F3A-A456-4BE0-9B1F-1DEBBB9A2392}.Debug|Any CPU.ActiveCfg = Debug|Any CPU
		{C25D1F3A-A456-4BE0-9B1F-1DEBBB9A2392}.Debug|Any CPU.Build.0 = Debug|Any CPU
		{C25D1F3A-A456-4BE0-9B1F-1DEBBB9A2392}.Release|Any CPU.ActiveCfg = Release|Any CPU
		{C25D1F3A-A456-4BE0-9B1F-1DEBBB9A2392}.Release|Any CPU.Build.0 = Release|Any CPU
		{A32BD157-1E81-4304-8641-E3E7A8BB89F5}.Debug|Any CPU.ActiveCfg = Debug|Any CPU
		{A32BD157-1E81-4304-8641-E3E7A8BB89F5}.Debug|Any CPU.Build.0 = Debug|Any CPU
		{A32BD157-1E81-4304-8641-E3E7A8BB89F5}.Release|Any CPU.ActiveCfg = Release|Any CPU
		{A32BD157-1E81-4304-8641-E3E7A8BB89F5}.Release|Any CPU.Build.0 = Release|Any CPU
		{C9EE1FF5-B19F-41EF-BFD1-51EF82D7D8E4}.Debug|Any CPU.ActiveCfg = Debug|Any CPU
		{C9EE1FF5-B19F-41EF-BFD1-51EF82D7D8E4}.Debug|Any CPU.Build.0 = Debug|Any CPU
		{C9EE1FF5-B19F-41EF-BFD1-51EF82D7D8E4}.Release|Any CPU.ActiveCfg = Release|Any CPU
		{C9EE1FF5-B19F-41EF-BFD1-51EF82D7D8E4}.Release|Any CPU.Build.0 = Release|Any CPU
	EndGlobalSection
	GlobalSection(SolutionProperties) = preSolution
		HideSolutionNode = FALSE
	EndGlobalSection
	GlobalSection(ExtensibilityGlobals) = postSolution
		SolutionGuid = {1BCCA039-6189-4CB8-B4F5-87A311D3430A}
	EndGlobalSection
EndGlobal
